
Microsoft Visual Studio Solution File, Format Version 12.00
# Visual Studio Version 16
VisualStudioVersion = 16.0.29409.12
MinimumVisualStudioVersion = 10.0.40219.1
Project("{FAE04EC0-301F-11D3-BF4B-00C04F79EFBC}") = "DesktopContactsApp", "DesktopContactsApp\DesktopContactsApp.csproj", "{1210A7EE-9D2B-4B6F-966E-261B580D0E0C}"
EndProject
Global
	GlobalSection(SolutionConfigurationPlatforms) = preSolution
		Debug|Any CPU = Debug|Any CPU
		Release|Any CPU = Release|Any CPU
	EndGlobalSection
	GlobalSection(ProjectConfigurationPlatforms) = postSolution
		{1210A7EE-9D2B-4B6F-966E-261B580D0E0C}.Debug|Any CPU.ActiveCfg = Debug|Any CPU
		{1210A7EE-9D2B-4B6F-966E-261B580D0E0C}.Debug|Any CPU.Build.0 = Debug|Any CPU
		{1210A7EE-9D2B-4B6F-966E-261B580D0E0C}.Release|Any CPU.ActiveCfg = Release|Any CPU
		{1210A7EE-9D2B-4B6F-966E-261B580D0E0C}.Release|Any CPU.Build.0 = Release|Any CPU
	EndGlobalSection
	GlobalSection(SolutionProperties) = preSolution
		HideSolutionNode = FALSE
	EndGlobalSection
	GlobalSection(ExtensibilityGlobals) = postSolution
		SolutionGuid = {3DDC42E8-15E8-4027-B82B-F7DBC03E0828}
	EndGlobalSection
EndGlobal
